# Generated by pub
# See http://pub.dartlang.org/doc/glossary.html#lockfile
packages:
  collection:
    description:
      name: collection
      url: "https://pub.dartlang.org"
    source: hosted
    version: "1.9.1"
  flutter:
    description:
      path: "../../sysui/third_party/flutter/packages/flutter"
      relative: true
    source: path
    version: "0.0.21"
  intl:
    description:
      name: intl
      url: "https://pub.dartlang.org"
    source: hosted
    version: "0.14.0"
  meta:
    description:
      name: meta
      url: "https://pub.dartlang.org"
    source: hosted
    version: "1.0.3"
  models:
    description:
      path: "../packages/models"
      relative: true
    source: path
    version: "0.0.0"
  mojo:
    description:
      name: mojo
      url: "https://pub.dartlang.org"
    source: hosted
    version: "0.4.27"
  mojo_sdk:
    description:
      name: mojo_sdk
      url: "https://pub.dartlang.org"
    source: hosted
    version: "0.2.31"
  mojo_services:
    description:
      name: mojo_services
      url: "https://pub.dartlang.org"
    source: hosted
    version: "0.4.34"
  sky_engine:
    description:
      path: "../../sysui/third_party/flutter/bin/cache/pkg/sky_engine"
      relative: true
    source: path
    version: "0.0.99"
  sky_services:
    description:
      path: "../../sysui/third_party/flutter/bin/cache/pkg/sky_services"
      relative: true
    source: path
    version: "0.0.99"
  util:
    description:
      path: "../packages/util"
      relative: true
    source: path
    version: "0.0.0"
  vector_math:
    description:
      name: vector_math
      url: "https://pub.dartlang.org"
    source: hosted
    version: "2.0.3"
  widgets:
    description:
      path: "../packages/widgets"
      relative: true
    source: path
    version: "0.0.0"
sdks:
  dart: ">=1.19.0 <2.0.0"
